{
  "nodes": {
    "alpha-nvim": {
      "flake": false,
      "locked": {
        "lastModified": 1701205026,
        "narHash": "sha256-R0Sjkhzn1Rueptcxnu69UataPWAnZnbwqRXoEHIivo4=",
        "owner": "goolord",
        "repo": "alpha-nvim",
        "rev": "29074eeb869a6cbac9ce1fbbd04f5f5940311b32",
        "type": "github"
      },
      "original": {
        "owner": "goolord",
        "repo": "alpha-nvim",
        "type": "github"
      }
    },
    "cmp-calc": {
      "flake": false,
      "locked": {
        "lastModified": 1692345454,
        "narHash": "sha256-jQITlxWmB5luJtaq2ztXhn/l2L3s3rxGBZWAfXKenO0=",
        "owner": "hrsh7th",
        "repo": "cmp-calc",
        "rev": "ce91d14d2e7a8b3f6ad86d85e34d41c1ae6268d9",
        "type": "github"
      },
      "original": {
        "owner": "hrsh7th",
        "repo": "cmp-calc",
        "type": "github"
      }
    },
    "cmp-nvim-lsp": {
      "flake": false,
      "locked": {
        "lastModified": 1687494203,
        "narHash": "sha256-mU0soCz79erJXMMqD/FyrJZ0mu2n6fE0deymPzQlxts=",
        "owner": "hrsh7th",
        "repo": "cmp-nvim-lsp",
        "rev": "44b16d11215dce86f253ce0c30949813c0a90765",
        "type": "github"
      },
      "original": {
        "owner": "hrsh7th",
        "repo": "cmp-nvim-lsp",
        "type": "github"
      }
    },
    "cmp-path": {
      "flake": false,
      "locked": {
        "lastModified": 1664784283,
        "narHash": "sha256-thppiiV3wjIaZnAXmsh7j3DUc6ceSCvGzviwFUnoPaI=",
        "owner": "hrsh7th",
        "repo": "cmp-path",
        "rev": "91ff86cd9c29299a64f968ebb45846c485725f23",
        "type": "github"
      },
      "original": {
        "owner": "hrsh7th",
        "repo": "cmp-path",
        "type": "github"
      }
    },
    "cmp-rg": {
      "flake": false,
      "locked": {
        "lastModified": 1693531324,
        "narHash": "sha256-Y/JrVqiDan+C8bPer6h1UslbeI0z08nIwtJHE8v3UDE=",
        "owner": "lukas-reineke",
        "repo": "cmp-rg",
        "rev": "677a7874ee8f1afc648c2e7d63a97bc21a7663c5",
        "type": "github"
      },
      "original": {
        "owner": "lukas-reineke",
        "repo": "cmp-rg",
        "type": "github"
      }
    },
    "conform-nvim": {
      "flake": false,
      "locked": {
        "lastModified": 1701330032,
        "narHash": "sha256-5g3ykMArkRmtnpApblEfYdmDDlY1qQCyfcTuYZkIZ8M=",
        "owner": "stevearc",
        "repo": "conform.nvim",
        "rev": "3fc2c956d99216b2816f07d2b946020ba2e02457",
        "type": "github"
      },
      "original": {
        "owner": "stevearc",
        "repo": "conform.nvim",
        "type": "github"
      }
    },
    "copilot-lua": {
      "flake": false,
      "locked": {
        "lastModified": 1701213509,
        "narHash": "sha256-RZwvecYek53HLxE9h0CiprwfMgogCpJknewU/HGXXu8=",
        "owner": "zbirenbaum",
        "repo": "copilot.lua",
        "rev": "3665ed0f3ef3ad68673df7195789d134d0d1fdb0",
        "type": "github"
      },
      "original": {
        "owner": "zbirenbaum",
        "repo": "copilot.lua",
        "type": "github"
      }
    },
    "data-viewer-nvim": {
      "flake": false,
      "locked": {
        "lastModified": 1699002688,
        "narHash": "sha256-D5hvLhsYski11H9qiDDL2zlZMtYmbpHgpewiWR6C7rE=",
        "owner": "VidocqH",
        "repo": "data-viewer.nvim",
        "rev": "40ddf37bb7ab6c04ff9e820812d1539afe691668",
        "type": "github"
      },
      "original": {
        "owner": "VidocqH",
        "repo": "data-viewer.nvim",
        "type": "github"
      }
    },
    "dial-nvim": {
      "flake": false,
      "locked": {
        "lastModified": 1701345508,
        "narHash": "sha256-Ut85osqFfs+KMcy2QtBSOVzfoJMMqyKS+fQIn2xj/rg=",
        "owner": "monaqa",
        "repo": "dial.nvim",
        "rev": "27eb570085db2ef44bff4f620d3806039184651c",
        "type": "github"
      },
      "original": {
        "owner": "monaqa",
        "repo": "dial.nvim",
        "type": "github"
      }
    },
    "fidget-nvim": {
      "flake": false,
      "locked": {
        "lastModified": 1701195351,
        "narHash": "sha256-lMKLYruHjN356zamrLd3u5pXWRO5SgoOu0yJvB27gAU=",
        "owner": "j-hui",
        "repo": "fidget.nvim",
        "rev": "785efc604f6ffe3c3fdd2ea86262804d48863ee1",
        "type": "github"
      },
      "original": {
        "owner": "j-hui",
        "repo": "fidget.nvim",
        "type": "github"
      }
    },
    "flake-compat": {
      "flake": false,
      "locked": {
        "lastModified": 1696426674,
        "narHash": "sha256-kvjfFW7WAETZlt09AgDn1MrtKzP7t90Vf7vypd3OL1U=",
        "owner": "edolstra",
        "repo": "flake-compat",
        "rev": "0f9255e01c2351cc7d116c072cb317785dd33b33",
        "type": "github"
      },
      "original": {
        "owner": "edolstra",
        "repo": "flake-compat",
        "type": "github"
      }
    },
    "flake-parts": {
      "inputs": {
        "nixpkgs-lib": [
          "neovim-nightly-overlay",
          "nixpkgs"
        ]
      },
      "locked": {
        "lastModified": 1698882062,
        "narHash": "sha256-HkhafUayIqxXyHH1X8d9RDl1M2CkFgZLjKD3MzabiEo=",
        "owner": "hercules-ci",
        "repo": "flake-parts",
        "rev": "8c9fa2545007b49a5db5f650ae91f227672c3877",
        "type": "github"
      },
      "original": {
        "owner": "hercules-ci",
        "repo": "flake-parts",
        "type": "github"
      }
    },
    "flake-parts_2": {
      "inputs": {
        "nixpkgs-lib": [
          "neovim-nightly-overlay",
          "hercules-ci-effects",
          "nixpkgs"
        ]
      },
      "locked": {
        "lastModified": 1696343447,
        "narHash": "sha256-B2xAZKLkkeRFG5XcHHSXXcP7To9Xzr59KXeZiRf4vdQ=",
        "owner": "hercules-ci",
        "repo": "flake-parts",
        "rev": "c9afaba3dfa4085dbd2ccb38dfade5141e33d9d4",
        "type": "github"
      },
      "original": {
        "id": "flake-parts",
        "type": "indirect"
      }
    },
    "flake-utils": {
      "inputs": {
        "systems": "systems"
      },
      "locked": {
        "lastModified": 1685518550,
        "narHash": "sha256-o2d0KcvaXzTrPRIo0kOLV0/QXHhDQ5DTi+OxcjO8xqY=",
        "owner": "numtide",
        "repo": "flake-utils",
        "rev": "a1720a10a6cfe8234c0e93907ffe81be440f4cef",
        "type": "github"
      },
      "original": {
        "owner": "numtide",
        "repo": "flake-utils",
        "type": "github"
      }
    },
    "gitmoji-nvim": {
      "flake": false,
      "locked": {
        "lastModified": 1700166943,
        "narHash": "sha256-EZHclDtuyZWXTBOVU4C+Km/YNM1oAIazQT4wBI5K7vo=",
        "owner": "Dynge",
        "repo": "gitmoji.nvim",
        "rev": "326ddf01cbf3425566a089126ece7e8bd2560601",
        "type": "github"
      },
      "original": {
        "owner": "Dynge",
        "repo": "gitmoji.nvim",
        "type": "github"
      }
    },
    "gitsigns-nvim": {
      "flake": false,
      "locked": {
        "lastModified": 1701259661,
        "narHash": "sha256-cVs6thVq70ggQTvK/wEi377OgXqoaX3ulnyr+z6s0iA=",
        "owner": "lewis6991",
        "repo": "gitsigns.nvim",
        "rev": "6ef8c54fb526bf3a0bc4efb0b2fe8e6d9a7daed2",
        "type": "github"
      },
      "original": {
        "owner": "lewis6991",
        "repo": "gitsigns.nvim",
        "type": "github"
      }
    },
    "hercules-ci-effects": {
      "inputs": {
        "flake-parts": "flake-parts_2",
        "nixpkgs": [
          "neovim-nightly-overlay",
          "nixpkgs"
        ]
      },
      "locked": {
        "lastModified": 1701009247,
        "narHash": "sha256-GuX16rzRze2y7CsewJLTV6qXkXWyEwp6VCZXi8HLruU=",
        "owner": "hercules-ci",
        "repo": "hercules-ci-effects",
        "rev": "31b6cd7569191bfcd0a548575b0e2ef953ed7d09",
        "type": "github"
      },
      "original": {
        "owner": "hercules-ci",
        "repo": "hercules-ci-effects",
        "type": "github"
      }
    },
    "hmts-nvim": {
      "flake": false,
      "locked": {
        "lastModified": 1693226725,
        "narHash": "sha256-jUuztOqNBltC3axa7s3CPJz9Cmukfwkf846+Z/gAxCU=",
        "owner": "calops",
        "repo": "hmts.nvim",
        "rev": "14fd941d7ec2bb98314a1aacaa2573d97f1629ab",
        "type": "github"
      },
      "original": {
        "owner": "calops",
        "repo": "hmts.nvim",
        "type": "github"
      }
    },
    "home-manager": {
      "inputs": {
        "nixpkgs": [
          "nixpkgs"
        ]
      },
      "locked": {
        "lastModified": 1701071203,
        "narHash": "sha256-lQywA7QU/vzTdZ1apI0PfgCWNyQobXUYghVrR5zuIeM=",
        "owner": "nix-community",
        "repo": "home-manager",
        "rev": "db1878f013b52ba5e4034db7c1b63e8d04173a86",
        "type": "github"
      },
      "original": {
        "owner": "nix-community",
        "repo": "home-manager",
        "type": "github"
      }
    },
    "icon-picker-nvim": {
      "flake": false,
      "locked": {
        "lastModified": 1696854642,
        "narHash": "sha256-7W7PbKGVyatpU0N68UewiRZhBnYp3Rp9Q2998DRQ/9o=",
        "owner": "ziontee113",
        "repo": "icon-picker.nvim",
        "rev": "8e89c06411584e02a928b3baaee056eab24466b3",
        "type": "github"
      },
      "original": {
        "owner": "ziontee113",
        "repo": "icon-picker.nvim",
        "type": "github"
      }
    },
    "leap-nvim": {
      "flake": false,
      "locked": {
        "lastModified": 1697971449,
        "narHash": "sha256-4QOppFXF/XfmVcRoC3Z8fr2lksYQBC2fdph+Vp1zzqY=",
        "owner": "ggandor",
        "repo": "leap.nvim",
        "rev": "b6ae80f8fc9993638608fc1a51c6ab0eeb12618c",
        "type": "github"
      },
      "original": {
        "owner": "ggandor",
        "repo": "leap.nvim",
        "type": "github"
      }
    },
    "lsp_signature-nvim": {
      "flake": false,
      "locked": {
        "lastModified": 1701211782,
        "narHash": "sha256-4GcTfu7MRpZUi5dqewaddSvaOezRl9ROKrR7wnnLnKE=",
        "owner": "ray-x",
        "repo": "lsp_signature.nvim",
        "rev": "fed2c8389c148ff1dfdcdca63c2b48d08a50dea0",
        "type": "github"
      },
      "original": {
        "owner": "ray-x",
        "repo": "lsp_signature.nvim",
        "type": "github"
      }
    },
    "lualine-nvim": {
      "flake": false,
      "locked": {
        "lastModified": 1697772980,
        "narHash": "sha256-jV+6mV0dyuhiHGei1UqE2r2GoiKJLtdZI2AMNexbi7E=",
        "owner": "nvim-lualine",
        "repo": "lualine.nvim",
        "rev": "2248ef254d0a1488a72041cfb45ca9caada6d994",
        "type": "github"
      },
      "original": {
        "owner": "nvim-lualine",
        "repo": "lualine.nvim",
        "type": "github"
      }
    },
    "neogit": {
      "flake": false,
      "locked": {
        "lastModified": 1701381508,
        "narHash": "sha256-JyUM3zPzt0mxxWHa1IQopsx03rt9D0GXvNmGzyCF4G0=",
        "owner": "NeogitOrg",
        "repo": "neogit",
        "rev": "29561839c7167010611a6e9315dba7aa9f358024",
        "type": "github"
      },
      "original": {
        "owner": "NeogitOrg",
        "repo": "neogit",
        "type": "github"
      }
    },
    "neorg": {
      "flake": false,
      "locked": {
        "lastModified": 1701178929,
        "narHash": "sha256-nOsXpep4SXrRoMA/DMnJVWpOMWIyCckG1gUf/xoE+h0=",
        "owner": "nvim-neorg",
        "repo": "neorg",
        "rev": "f4466457396717d10d2d235d019e0a80e1770087",
        "type": "github"
      },
      "original": {
        "owner": "nvim-neorg",
        "repo": "neorg",
        "type": "github"
      }
    },
    "neovim-flake": {
      "inputs": {
        "flake-utils": "flake-utils",
        "nixpkgs": [
          "neovim-nightly-overlay",
          "nixpkgs"
        ]
      },
      "locked": {
        "dir": "contrib",
        "lastModified": 1701382658,
        "narHash": "sha256-NeQ9lzphOm4ffRWz3Oo2sKAuOI+MyLi+uecuZeZTyvA=",
        "owner": "neovim",
        "repo": "neovim",
        "rev": "b32b5b2711ed338f4944c983a247f80c3163f87c",
        "type": "github"
      },
      "original": {
        "dir": "contrib",
        "owner": "neovim",
        "repo": "neovim",
        "type": "github"
      }
    },
    "neovim-nightly-overlay": {
      "inputs": {
        "flake-compat": "flake-compat",
        "flake-parts": "flake-parts",
        "hercules-ci-effects": "hercules-ci-effects",
        "neovim-flake": "neovim-flake",
        "nixpkgs": [
          "nixpkgs"
        ]
      },
      "locked": {
        "lastModified": 1701389142,
        "narHash": "sha256-YBxJ2g7v8bCi1tncamTOPZvXMjG9+qNHphBSYLISOQ4=",
        "owner": "nix-community",
        "repo": "neovim-nightly-overlay",
        "rev": "9796182fba80ec1b2b24f119343d6121d1a47f28",
        "type": "github"
      },
      "original": {
        "owner": "nix-community",
        "repo": "neovim-nightly-overlay",
        "type": "github"
      }
    },
    "nixpkgs": {
      "locked": {
        "lastModified": 1701068326,
        "narHash": "sha256-vmMceA+q6hG1yrjb+MP8T0YFDQIrW3bl45e7z24IEts=",
        "owner": "NixOS",
        "repo": "nixpkgs",
        "rev": "8cfef6986adfb599ba379ae53c9f5631ecd2fd9c",
        "type": "github"
      },
      "original": {
        "id": "nixpkgs",
        "ref": "nixos-unstable",
        "type": "indirect"
      }
    },
    "nordic-nvim": {
      "flake": false,
      "locked": {
        "lastModified": 1695750751,
        "narHash": "sha256-nL2L7nDZD3mf/UrdYN5ZX1pWFFEgQKz5vUF+bRh7ny8=",
        "owner": "AlexvZyl",
        "repo": "nordic.nvim",
        "rev": "be1bab59c56668af7020af11190ec7fcd25d59b4",
        "type": "github"
      },
      "original": {
        "owner": "AlexvZyl",
        "repo": "nordic.nvim",
        "type": "github"
      }
    },
    "nvim-autopairs": {
      "flake": false,
      "locked": {
        "lastModified": 1697886604,
        "narHash": "sha256-M6s05RH2tiIAfgc8wJVtBhdPyDuy5fX6bhoL0vuKV0w=",
        "owner": "windwp",
        "repo": "nvim-autopairs",
        "rev": "0f04d78619cce9a5af4f355968040f7d675854a1",
        "type": "github"
      },
      "original": {
        "owner": "windwp",
        "repo": "nvim-autopairs",
        "type": "github"
      }
    },
    "nvim-cmp": {
      "flake": false,
      "locked": {
        "lastModified": 1699261102,
        "narHash": "sha256-auUHEjUDOaDkMI9loN6T+/whDDNzPl04bf+nqqLQ5+I=",
        "owner": "hrsh7th",
        "repo": "nvim-cmp",
        "rev": "0b751f6beef40fd47375eaf53d3057e0bfa317e4",
        "type": "github"
      },
      "original": {
        "owner": "hrsh7th",
        "repo": "nvim-cmp",
        "type": "github"
      }
    },
    "nvim-dap-ui": {
      "flake": false,
      "locked": {
        "lastModified": 1694342930,
        "narHash": "sha256-IdWPzLpNH0fkubELr2uTI7UnB0Yaf/zCkF8WUWBtyaM=",
        "owner": "rcarriga",
        "repo": "nvim-dap-ui",
        "rev": "34160a7ce6072ef332f350ae1d4a6a501daf0159",
        "type": "github"
      },
      "original": {
        "owner": "rcarriga",
        "repo": "nvim-dap-ui",
        "type": "github"
      }
    },
    "nvim-dap-virtual-text": {
      "flake": false,
      "locked": {
        "lastModified": 1685002194,
        "narHash": "sha256-yzMRudA8Wag881ewzw82uXPzHoxaB6kAapPElKN6G6E=",
        "owner": "thehamsta",
        "repo": "nvim-dap-virtual-text",
        "rev": "57f1dbd0458dd84a286b27768c142e1567f3ce3b",
        "type": "github"
      },
      "original": {
        "owner": "thehamsta",
        "repo": "nvim-dap-virtual-text",
        "type": "github"
      }
    },
    "nvim-lint": {
      "flake": false,
      "locked": {
        "lastModified": 1701279185,
        "narHash": "sha256-YT1siOydZkeDdAyDkjMgDd/d28J7CzJO5V8RYD5rOH8=",
        "owner": "mfussenegger",
        "repo": "nvim-lint",
        "rev": "6f589cb93560581dc2a3b9693658afe865e5649e",
        "type": "github"
      },
      "original": {
        "owner": "mfussenegger",
        "repo": "nvim-lint",
        "type": "github"
      }
    },
    "nvim-puppeteer": {
      "flake": false,
      "locked": {
        "lastModified": 1699883336,
        "narHash": "sha256-pvJasvdIwH2kmZNcKCviItnUZMVUvbtezI72/IMk9iU=",
        "owner": "chrisgrieser",
        "repo": "nvim-puppeteer",
        "rev": "1a941a8684b937295632bc156d1b17e80de2d717",
        "type": "github"
      },
      "original": {
        "owner": "chrisgrieser",
        "repo": "nvim-puppeteer",
        "type": "github"
      }
    },
    "nvim-rooter-lua": {
      "flake": false,
      "locked": {
        "lastModified": 1690180415,
        "narHash": "sha256-LVl4+n+x0DqogDk8yDYeJ9tcsFo6lkBn6FxwRpYqYF0=",
        "owner": "notjedi",
        "repo": "nvim-rooter.lua",
        "rev": "df09c31d09ff051b3823e5e8cf45b8063f8d08a5",
        "type": "github"
      },
      "original": {
        "owner": "notjedi",
        "repo": "nvim-rooter.lua",
        "type": "github"
      }
    },
    "nvim-spider": {
      "flake": false,
      "locked": {
        "lastModified": 1699366613,
        "narHash": "sha256-chDETyd7w4YFd+bOd4YwCdZWOn/+fIk+RhM2hVpE1CY=",
        "owner": "chrisgrieser",
        "repo": "nvim-spider",
        "rev": "e0eeac5480704cc3fdd5bdadd4901ca5409d7838",
        "type": "github"
      },
      "original": {
        "owner": "chrisgrieser",
        "repo": "nvim-spider",
        "type": "github"
      }
    },
    "nvim-surround": {
      "flake": false,
      "locked": {
        "lastModified": 1699902149,
        "narHash": "sha256-NiAuOAEXuUtIfZb/IeF8zOiHpEHIq1OGztYkKKWNMSc=",
        "owner": "kylechui",
        "repo": "nvim-surround",
        "rev": "0855a89e00a5822c3a482a82e5223fcf2e9ede13",
        "type": "github"
      },
      "original": {
        "owner": "kylechui",
        "repo": "nvim-surround",
        "type": "github"
      }
    },
    "ranger-nvim": {
      "flake": false,
      "locked": {
        "lastModified": 1693027419,
        "narHash": "sha256-ZCPxBF+2LsjkztdaBLxqubZiKU8MxO+J1+AbyGqKMrc=",
        "owner": "kelly-lin",
        "repo": "ranger.nvim",
        "rev": "5df4122f51b8fd07c7cadee9f2134059c93c89c2",
        "type": "github"
      },
      "original": {
        "owner": "kelly-lin",
        "repo": "ranger.nvim",
        "type": "github"
      }
    },
    "root": {
      "inputs": {
        "home-manager": "home-manager",
        "neovim-nightly-overlay": "neovim-nightly-overlay",
        "nixpkgs": "nixpkgs",
        "vimPlugins": "vimPlugins"
      }
    },
    "systems": {
      "locked": {
        "lastModified": 1681028828,
        "narHash": "sha256-Vy1rq5AaRuLzOxct8nz4T6wlgyUR7zLU309k9mBC768=",
        "owner": "nix-systems",
        "repo": "default",
        "rev": "da67096a3b9bf56a91d16901293e51ba5b49a27e",
        "type": "github"
      },
      "original": {
        "owner": "nix-systems",
        "repo": "default",
        "type": "github"
      }
    },
    "telescope-repo-nvim": {
      "flake": false,
      "locked": {
        "lastModified": 1698258231,
        "narHash": "sha256-ZpxYhLWsDjhAS8x127h+kWOlUO9EntIP4ICibxp0Kxo=",
        "owner": "cljoly",
        "repo": "telescope-repo.nvim",
        "rev": "e17462610fb936bc8a8cc12a249c3252156dd6f7",
        "type": "github"
      },
      "original": {
        "owner": "cljoly",
        "repo": "telescope-repo.nvim",
        "type": "github"
      }
    },
    "toggleterm-nvim": {
      "flake": false,
      "locked": {
        "lastModified": 1701096042,
        "narHash": "sha256-6y6CiQBA4jg717YyQhWSX4VYDkundVn4rPkqJfLbj7k=",
        "owner": "akinsho",
        "repo": "toggleterm.nvim",
        "rev": "6b334b9d1266b0f58ab1b6965c1e5b7eb5c34523",
        "type": "github"
      },
      "original": {
        "owner": "akinsho",
        "repo": "toggleterm.nvim",
        "type": "github"
      }
    },
    "twilight-nvim": {
      "flake": false,
      "locked": {
        "lastModified": 1695631985,
        "narHash": "sha256-WFE8FZU8E8i6mX9bFl80YkIypGXOOhKvGbLrBoPce0g=",
        "owner": "folke",
        "repo": "twilight.nvim",
        "rev": "8b7b50c0cb2dc781b2f4262a5ddd57571556d1e4",
        "type": "github"
      },
      "original": {
        "owner": "folke",
        "repo": "twilight.nvim",
        "type": "github"
      }
    },
    "vim-characterize": {
      "flake": false,
      "locked": {
        "lastModified": 1699641075,
        "narHash": "sha256-H+lao2LLWu+f11xOF5aH5D4a8GY6ozmgZ/uLzgGWAGw=",
        "owner": "tpope",
        "repo": "vim-characterize",
        "rev": "7fc5b75e7a9e46676cf736b56d99dd32004ff3d6",
        "type": "github"
      },
      "original": {
        "owner": "tpope",
        "repo": "vim-characterize",
        "type": "github"
      }
    },
    "vim-kitty": {
      "flake": false,
      "locked": {
        "lastModified": 1695220623,
        "narHash": "sha256-eQa1bEapY06ImpDva5+i0WQxQK3AYdHhM1FTXwNc/HU=",
        "owner": "fladson",
        "repo": "vim-kitty",
        "rev": "891475671feebc4bf0f29f0a0987067913a81686",
        "type": "github"
      },
      "original": {
        "owner": "fladson",
        "repo": "vim-kitty",
        "type": "github"
      }
    },
    "vim-lastplace": {
      "flake": false,
      "locked": {
        "lastModified": 1692890477,
        "narHash": "sha256-kDC24UlmJGJ0cGy/YRVkmnByhYPAU0xnJ2zSgM0uYGs=",
        "owner": "farmergreg",
        "repo": "vim-lastplace",
        "rev": "bb3191b134ade9d1f01014e17c3df91e8911dd5c",
        "type": "github"
      },
      "original": {
        "owner": "farmergreg",
        "repo": "vim-lastplace",
        "type": "github"
      }
    },
    "vimPlugins": {
      "inputs": {
        "alpha-nvim": "alpha-nvim",
        "cmp-calc": "cmp-calc",
        "cmp-nvim-lsp": "cmp-nvim-lsp",
        "cmp-path": "cmp-path",
        "cmp-rg": "cmp-rg",
        "conform-nvim": "conform-nvim",
        "copilot-lua": "copilot-lua",
        "data-viewer-nvim": "data-viewer-nvim",
        "dial-nvim": "dial-nvim",
        "fidget-nvim": "fidget-nvim",
        "gitmoji-nvim": "gitmoji-nvim",
        "gitsigns-nvim": "gitsigns-nvim",
        "hmts-nvim": "hmts-nvim",
        "icon-picker-nvim": "icon-picker-nvim",
        "leap-nvim": "leap-nvim",
        "lsp_signature-nvim": "lsp_signature-nvim",
        "lualine-nvim": "lualine-nvim",
        "neogit": "neogit",
        "neorg": "neorg",
        "nixpkgs": [
          "nixpkgs"
        ],
        "nordic-nvim": "nordic-nvim",
        "nvim-autopairs": "nvim-autopairs",
        "nvim-cmp": "nvim-cmp",
        "nvim-dap-ui": "nvim-dap-ui",
        "nvim-dap-virtual-text": "nvim-dap-virtual-text",
        "nvim-lint": "nvim-lint",
        "nvim-puppeteer": "nvim-puppeteer",
        "nvim-rooter-lua": "nvim-rooter-lua",
        "nvim-spider": "nvim-spider",
        "nvim-surround": "nvim-surround",
        "ranger-nvim": "ranger-nvim",
        "telescope-repo-nvim": "telescope-repo-nvim",
        "toggleterm-nvim": "toggleterm-nvim",
        "twilight-nvim": "twilight-nvim",
        "vim-characterize": "vim-characterize",
        "vim-kitty": "vim-kitty",
        "vim-lastplace": "vim-lastplace",
        "zen-mode-nvim": "zen-mode-nvim"
      },
      "locked": {
        "lastModified": 1,
        "narHash": "sha256-RG3+7f8hMRX56rXtf3uR6xwWHooi9ewJQyz2xfdOLv4=",
        "path": "/nix/store/nmlqiw53qsjf8zi1d0knda7sd3h9vq8n-source/nvim",
        "type": "path"
      },
      "original": {
        "path": "/nix/store/nmlqiw53qsjf8zi1d0knda7sd3h9vq8n-source/nvim",
        "type": "path"
      }
    },
    "zen-mode-nvim": {
      "flake": false,
      "locked": {
        "lastModified": 1697801669,
        "narHash": "sha256-+tRLfktRFecEozRa5iBc+LNrB1GuztGATM9HWdkJrPY=",
        "owner": "folke",
        "repo": "zen-mode.nvim",
        "rev": "50e2e2a36cc97847d9ab3b1a3555ba2ef6839b50",
        "type": "github"
      },
      "original": {
        "owner": "folke",
        "repo": "zen-mode.nvim",
        "type": "github"
      }
    }
  },
  "root": "root",
  "version": 7
}
