{
  "nodes": {
    "flake-compat": {
      "flake": false,
      "locked": {
        "lastModified": 1696426674,
        "narHash": "sha256-kvjfFW7WAETZlt09AgDn1MrtKzP7t90Vf7vypd3OL1U=",
        "owner": "edolstra",
        "repo": "flake-compat",
        "rev": "0f9255e01c2351cc7d116c072cb317785dd33b33",
        "type": "github"
      },
      "original": {
        "owner": "edolstra",
        "repo": "flake-compat",
        "type": "github"
      }
    },
    "flake-parts": {
      "inputs": {
        "nixpkgs-lib": "nixpkgs-lib"
      },
      "locked": {
        "lastModified": 1717285511,
        "narHash": "sha256-iKzJcpdXih14qYVcZ9QC9XuZYnPc6T8YImb6dX166kw=",
        "owner": "hercules-ci",
        "repo": "flake-parts",
        "rev": "2a55567fcf15b1b1c7ed712a2c6fadaec7412ea8",
        "type": "github"
      },
      "original": {
        "owner": "hercules-ci",
        "repo": "flake-parts",
        "type": "github"
      }
    },
    "flake-parts_2": {
      "inputs": {
        "nixpkgs-lib": [
          "nvim-nix",
          "neovim-nightly-overlay",
          "nixpkgs"
        ]
      },
      "locked": {
        "lastModified": 1763759067,
        "narHash": "sha256-LlLt2Jo/gMNYAwOgdRQBrsRoOz7BPRkzvNaI/fzXi2Q=",
        "owner": "hercules-ci",
        "repo": "flake-parts",
        "rev": "2cccadc7357c0ba201788ae99c4dfa90728ef5e0",
        "type": "github"
      },
      "original": {
        "owner": "hercules-ci",
        "repo": "flake-parts",
        "type": "github"
      }
    },
    "flake-utils": {
      "inputs": {
        "systems": "systems"
      },
      "locked": {
        "lastModified": 1731533236,
        "narHash": "sha256-l0KFg5HjrsfsO/JpG+r7fRrqm12kzFHyUHqHCVpMMbI=",
        "owner": "numtide",
        "repo": "flake-utils",
        "rev": "11707dc2f618dd54ca8739b309ec4fc024de578b",
        "type": "github"
      },
      "original": {
        "owner": "numtide",
        "repo": "flake-utils",
        "type": "github"
      }
    },
    "flake-utils_2": {
      "inputs": {
        "systems": "systems_2"
      },
      "locked": {
        "lastModified": 1731533236,
        "narHash": "sha256-l0KFg5HjrsfsO/JpG+r7fRrqm12kzFHyUHqHCVpMMbI=",
        "owner": "numtide",
        "repo": "flake-utils",
        "rev": "11707dc2f618dd54ca8739b309ec4fc024de578b",
        "type": "github"
      },
      "original": {
        "owner": "numtide",
        "repo": "flake-utils",
        "type": "github"
      }
    },
    "flake-utils_3": {
      "inputs": {
        "systems": "systems_3"
      },
      "locked": {
        "lastModified": 1731533236,
        "narHash": "sha256-l0KFg5HjrsfsO/JpG+r7fRrqm12kzFHyUHqHCVpMMbI=",
        "owner": "numtide",
        "repo": "flake-utils",
        "rev": "11707dc2f618dd54ca8739b309ec4fc024de578b",
        "type": "github"
      },
      "original": {
        "owner": "numtide",
        "repo": "flake-utils",
        "type": "github"
      }
    },
    "gen-luarc": {
      "inputs": {
        "flake-parts": "flake-parts",
        "git-hooks": "git-hooks",
        "luvit-meta": "luvit-meta",
        "nixpkgs": "nixpkgs_2"
      },
      "locked": {
        "lastModified": 1755304025,
        "narHash": "sha256-xVKfjFwc0zMbLMjLTiHz+0llggkjs93SmHkhaa9S3M4=",
        "owner": "mrcjkb",
        "repo": "nix-gen-luarc-json",
        "rev": "1865b0ebb753ae5324d7381b1fa8c98c04ec7509",
        "type": "github"
      },
      "original": {
        "owner": "mrcjkb",
        "repo": "nix-gen-luarc-json",
        "type": "github"
      }
    },
    "git-hooks": {
      "inputs": {
        "flake-compat": "flake-compat",
        "gitignore": "gitignore",
        "nixpkgs": [
          "nvim-nix",
          "gen-luarc",
          "nixpkgs"
        ],
        "nixpkgs-stable": "nixpkgs-stable"
      },
      "locked": {
        "lastModified": 1723803910,
        "narHash": "sha256-yezvUuFiEnCFbGuwj/bQcqg7RykIEqudOy/RBrId0pc=",
        "owner": "cachix",
        "repo": "git-hooks.nix",
        "rev": "bfef0ada09e2c8ac55bbcd0831bd0c9d42e651ba",
        "type": "github"
      },
      "original": {
        "owner": "cachix",
        "repo": "git-hooks.nix",
        "type": "github"
      }
    },
    "gitignore": {
      "inputs": {
        "nixpkgs": [
          "nvim-nix",
          "gen-luarc",
          "git-hooks",
          "nixpkgs"
        ]
      },
      "locked": {
        "lastModified": 1709087332,
        "narHash": "sha256-HG2cCnktfHsKV0s4XW83gU3F57gaTljL9KNSuG6bnQs=",
        "owner": "hercules-ci",
        "repo": "gitignore.nix",
        "rev": "637db329424fd7e46cf4185293b9cc8c88c95394",
        "type": "github"
      },
      "original": {
        "owner": "hercules-ci",
        "repo": "gitignore.nix",
        "type": "github"
      }
    },
    "home-manager": {
      "inputs": {
        "nixpkgs": [
          "nixpkgs"
        ]
      },
      "locked": {
        "lastModified": 1765217760,
        "narHash": "sha256-BVVyAodLcAD8KOtR3yCStBHSE0WAH/xQWH9f0qsxbmk=",
        "owner": "nix-community",
        "repo": "home-manager",
        "rev": "e5b1f87841810fc24772bf4389f9793702000c9b",
        "type": "github"
      },
      "original": {
        "owner": "nix-community",
        "repo": "home-manager",
        "type": "github"
      }
    },
    "librewolf-nix": {
      "inputs": {
        "flake-utils": "flake-utils",
        "nixpkgs": [
          "nixpkgs"
        ]
      },
      "locked": {
        "lastModified": 1761607097,
        "narHash": "sha256-m3g6BdpX9q6e6PdZ1ysrdspdvW7Eh+any/cVwPeFwLQ=",
        "owner": "pierrot-lc",
        "repo": "librewolf-nix",
        "rev": "8c88ab312a3c3bbc6a828eb8ccd52978d87a6e64",
        "type": "github"
      },
      "original": {
        "owner": "pierrot-lc",
        "repo": "librewolf-nix",
        "type": "github"
      }
    },
    "luvit-meta": {
      "flake": false,
      "locked": {
        "lastModified": 1705776742,
        "narHash": "sha256-zAAptV/oLuLAAsa2zSB/6fxlElk4+jNZd/cPr9oxFig=",
        "owner": "Bilal2453",
        "repo": "luvit-meta",
        "rev": "ce76f6f6cdc9201523a5875a4471dcfe0186eb60",
        "type": "github"
      },
      "original": {
        "owner": "Bilal2453",
        "repo": "luvit-meta",
        "type": "github"
      }
    },
    "neovim-nightly-overlay": {
      "inputs": {
        "flake-parts": "flake-parts_2",
        "neovim-src": "neovim-src",
        "nixpkgs": "nixpkgs_3"
      },
      "locked": {
        "lastModified": 1765152310,
        "narHash": "sha256-uJD1VGkailVaIgljInof9xphRo6LeCFmLLBrXa16Sf8=",
        "owner": "nix-community",
        "repo": "neovim-nightly-overlay",
        "rev": "8631ec2f011d93a7ee31297cb0154de7893ef3a9",
        "type": "github"
      },
      "original": {
        "owner": "nix-community",
        "repo": "neovim-nightly-overlay",
        "type": "github"
      }
    },
    "neovim-src": {
      "flake": false,
      "locked": {
        "lastModified": 1765138411,
        "narHash": "sha256-pyxO9Gpts9tEwfcSFrVLL0gQy3MtIfify5PJHDCwAo8=",
        "owner": "neovim",
        "repo": "neovim",
        "rev": "551bb63d449f85f89dee8ee7f842274d4566fcc9",
        "type": "github"
      },
      "original": {
        "owner": "neovim",
        "repo": "neovim",
        "type": "github"
      }
    },
    "nix-index-database": {
      "inputs": {
        "nixpkgs": [
          "nixpkgs"
        ]
      },
      "locked": {
        "lastModified": 1765080594,
        "narHash": "sha256-5t3d655GqLblE+p5xN5ntkeRfZBesN7vehOWcRcU88M=",
        "owner": "nix-community",
        "repo": "nix-index-database",
        "rev": "4194c582d0a3f440382ee00b729ea5cc5ef59754",
        "type": "github"
      },
      "original": {
        "owner": "nix-community",
        "repo": "nix-index-database",
        "type": "github"
      }
    },
    "nixpkgs": {
      "locked": {
        "lastModified": 1764950072,
        "narHash": "sha256-BmPWzogsG2GsXZtlT+MTcAWeDK5hkbGRZTeZNW42fwA=",
        "owner": "NixOS",
        "repo": "nixpkgs",
        "rev": "f61125a668a320878494449750330ca58b78c557",
        "type": "github"
      },
      "original": {
        "id": "nixpkgs",
        "ref": "nixos-unstable",
        "type": "indirect"
      }
    },
    "nixpkgs-lib": {
      "locked": {
        "lastModified": 1717284937,
        "narHash": "sha256-lIbdfCsf8LMFloheeE6N31+BMIeixqyQWbSr2vk79EQ=",
        "type": "tarball",
        "url": "https://github.com/NixOS/nixpkgs/archive/eb9ceca17df2ea50a250b6b27f7bf6ab0186f198.tar.gz"
      },
      "original": {
        "type": "tarball",
        "url": "https://github.com/NixOS/nixpkgs/archive/eb9ceca17df2ea50a250b6b27f7bf6ab0186f198.tar.gz"
      }
    },
    "nixpkgs-stable": {
      "locked": {
        "lastModified": 1720386169,
        "narHash": "sha256-NGKVY4PjzwAa4upkGtAMz1npHGoRzWotlSnVlqI40mo=",
        "owner": "NixOS",
        "repo": "nixpkgs",
        "rev": "194846768975b7ad2c4988bdb82572c00222c0d7",
        "type": "github"
      },
      "original": {
        "owner": "NixOS",
        "ref": "nixos-24.05",
        "repo": "nixpkgs",
        "type": "github"
      }
    },
    "nixpkgs-stable_2": {
      "locked": {
        "lastModified": 1730602179,
        "narHash": "sha256-efgLzQAWSzJuCLiCaQUCDu4NudNlHdg2NzGLX5GYaEY=",
        "owner": "NixOS",
        "repo": "nixpkgs",
        "rev": "3c2f1c4ca372622cb2f9de8016c9a0b1cbd0f37c",
        "type": "github"
      },
      "original": {
        "owner": "NixOS",
        "ref": "release-24.05",
        "repo": "nixpkgs",
        "type": "github"
      }
    },
    "nixpkgs_2": {
      "locked": {
        "lastModified": 1718714799,
        "narHash": "sha256-FUZpz9rg3gL8NVPKbqU8ei1VkPLsTIfAJ2fdAf5qjak=",
        "owner": "nixos",
        "repo": "nixpkgs",
        "rev": "c00d587b1a1afbf200b1d8f0b0e4ba9deb1c7f0e",
        "type": "github"
      },
      "original": {
        "owner": "nixos",
        "ref": "nixos-unstable",
        "repo": "nixpkgs",
        "type": "github"
      }
    },
    "nixpkgs_3": {
      "locked": {
        "lastModified": 1764947035,
        "narHash": "sha256-EYHSjVM4Ox4lvCXUMiKKs2vETUSL5mx+J2FfutM7T9w=",
        "owner": "NixOS",
        "repo": "nixpkgs",
        "rev": "a672be65651c80d3f592a89b3945466584a22069",
        "type": "github"
      },
      "original": {
        "owner": "NixOS",
        "ref": "nixpkgs-unstable",
        "repo": "nixpkgs",
        "type": "github"
      }
    },
    "nvim-nix": {
      "inputs": {
        "flake-utils": "flake-utils_2",
        "gen-luarc": "gen-luarc",
        "neovim-nightly-overlay": "neovim-nightly-overlay",
        "nixpkgs": [
          "nixpkgs"
        ],
        "vim-characterize": "vim-characterize",
        "vim-minizinc": "vim-minizinc"
      },
      "locked": {
        "lastModified": 1765185545,
        "narHash": "sha256-o6O8Jwggk7s9WUvlLIVYMedQd3n6Oc6mY2cW+qzyyeQ=",
        "owner": "pierrot-lc",
        "repo": "nvim-nix",
        "rev": "dee11b9f93bc26ce747fe2e064e4b1f83cfd495b",
        "type": "github"
      },
      "original": {
        "owner": "pierrot-lc",
        "repo": "nvim-nix",
        "type": "github"
      }
    },
    "private": {
      "inputs": {
        "nixpkgs": [
          "nixpkgs"
        ],
        "sops-nix": "sops-nix"
      },
      "locked": {
        "lastModified": 1759397254,
        "narHash": "sha256-3iof7gJjXBWqUKO0vyR/m4GZxXyRlGNLfkg+8omSgFs=",
        "ref": "refs/heads/main",
        "rev": "63710f8502568698c4f713b7824de80e3fd6ded6",
        "revCount": 37,
        "type": "git",
        "url": "ssh://git@github.com/pierrot-lc/dotfiles-private.git"
      },
      "original": {
        "type": "git",
        "url": "ssh://git@github.com/pierrot-lc/dotfiles-private.git"
      }
    },
    "root": {
      "inputs": {
        "home-manager": "home-manager",
        "librewolf-nix": "librewolf-nix",
        "nix-index-database": "nix-index-database",
        "nixpkgs": "nixpkgs",
        "nvim-nix": "nvim-nix",
        "private": "private",
        "wifitui": "wifitui"
      }
    },
    "sops-nix": {
      "inputs": {
        "nixpkgs": [
          "private",
          "nixpkgs"
        ],
        "nixpkgs-stable": "nixpkgs-stable_2"
      },
      "locked": {
        "lastModified": 1731213149,
        "narHash": "sha256-jR8i6nFLmSmm0cIoeRQ8Q4EBARa3oGaAtEER/OMMxus=",
        "owner": "Mic92",
        "repo": "sops-nix",
        "rev": "f1675e3b0e1e663a4af49be67ecbc9e749f85eb7",
        "type": "github"
      },
      "original": {
        "owner": "Mic92",
        "repo": "sops-nix",
        "type": "github"
      }
    },
    "systems": {
      "locked": {
        "lastModified": 1681028828,
        "narHash": "sha256-Vy1rq5AaRuLzOxct8nz4T6wlgyUR7zLU309k9mBC768=",
        "owner": "nix-systems",
        "repo": "default",
        "rev": "da67096a3b9bf56a91d16901293e51ba5b49a27e",
        "type": "github"
      },
      "original": {
        "owner": "nix-systems",
        "repo": "default",
        "type": "github"
      }
    },
    "systems_2": {
      "locked": {
        "lastModified": 1681028828,
        "narHash": "sha256-Vy1rq5AaRuLzOxct8nz4T6wlgyUR7zLU309k9mBC768=",
        "owner": "nix-systems",
        "repo": "default",
        "rev": "da67096a3b9bf56a91d16901293e51ba5b49a27e",
        "type": "github"
      },
      "original": {
        "owner": "nix-systems",
        "repo": "default",
        "type": "github"
      }
    },
    "systems_3": {
      "locked": {
        "lastModified": 1681028828,
        "narHash": "sha256-Vy1rq5AaRuLzOxct8nz4T6wlgyUR7zLU309k9mBC768=",
        "owner": "nix-systems",
        "repo": "default",
        "rev": "da67096a3b9bf56a91d16901293e51ba5b49a27e",
        "type": "github"
      },
      "original": {
        "owner": "nix-systems",
        "repo": "default",
        "type": "github"
      }
    },
    "vim-characterize": {
      "flake": false,
      "locked": {
        "lastModified": 1731546292,
        "narHash": "sha256-H+lao2LLWu+f11xOF5aH5D4a8GY6ozmgZ/uLzgGWAGw=",
        "owner": "tpope",
        "repo": "vim-characterize",
        "rev": "a8bffac6cead6b2869d939ecad06312b187a4c79",
        "type": "github"
      },
      "original": {
        "owner": "tpope",
        "repo": "vim-characterize",
        "type": "github"
      }
    },
    "vim-minizinc": {
      "flake": false,
      "locked": {
        "lastModified": 1737580392,
        "narHash": "sha256-8TNvYWLnLZqoXJRi++EAM3pEWJMj9RznWtvXUFvntFc=",
        "owner": "pierrot-lc",
        "repo": "vim-minizinc",
        "rev": "21c2345c3bfacb008020c570d76a4de644f3bb31",
        "type": "github"
      },
      "original": {
        "owner": "pierrot-lc",
        "repo": "vim-minizinc",
        "type": "github"
      }
    },
    "wifitui": {
      "inputs": {
        "flake-utils": "flake-utils_3",
        "nixpkgs": [
          "nixpkgs"
        ]
      },
      "locked": {
        "lastModified": 1764859818,
        "narHash": "sha256-987y4RsoUX0qGswKiNqPfSwHf5b4JgRf9W7MwkT315I=",
        "owner": "shazow",
        "repo": "wifitui",
        "rev": "f96a57216fcf8e309bfaac212adf5defcb970db8",
        "type": "github"
      },
      "original": {
        "owner": "shazow",
        "repo": "wifitui",
        "type": "github"
      }
    }
  },
  "root": "root",
  "version": 7
}
